// !$*UTF8*$!
{
	archiveVersion = 1;
	classes = {
	};
	objectVersion = 50;
	objects = {

/* Begin PBXBuildFile section */
		801A19AC24BFEBFB003014A2 /* StatusMessage.swift in Sources */ = {isa = PBXBuildFile; fileRef = 801A19AB24BFEBFB003014A2 /* StatusMessage.swift */; };
		801A19AE24C00DDD003014A2 /* Formatter.swift in Sources */ = {isa = PBXBuildFile; fileRef = 801A19AD24C00DDD003014A2 /* Formatter.swift */; };
		801A19B024C01534003014A2 /* HistoryDB.swift in Sources */ = {isa = PBXBuildFile; fileRef = 801A19AF24C01534003014A2 /* HistoryDB.swift */; };
		801A19B224C016F4003014A2 /* HistoryTableViewController.swift in Sources */ = {isa = PBXBuildFile; fileRef = 801A19B124C016F4003014A2 /* HistoryTableViewController.swift */; };
		801A19B524C02CAF003014A2 /* AddHistoryViewController.swift in Sources */ = {isa = PBXBuildFile; fileRef = 801A19B424C02CAF003014A2 /* AddHistoryViewController.swift */; };
		8046802524C0DB9A00FE2934 /* DetailHistoryViewController.swift in Sources */ = {isa = PBXBuildFile; fileRef = 8046802424C0DB9A00FE2934 /* DetailHistoryViewController.swift */; };
		8065B0FD24C1C53F001AA5FC /* Types.swift in Sources */ = {isa = PBXBuildFile; fileRef = 8065B0FC24C1C53F001AA5FC /* Types.swift */; };
		80A82D6F24C0EF1300490D85 /* History.swift in Sources */ = {isa = PBXBuildFile; fileRef = 80A82D6E24C0EF1300490D85 /* History.swift */; };
		80F9AFD724BEC0FD00CF462C /* AppDelegate.swift in Sources */ = {isa = PBXBuildFile; fileRef = 80F9AFD624BEC0FD00CF462C /* AppDelegate.swift */; };
		80F9AFD924BEC0FD00CF462C /* SceneDelegate.swift in Sources */ = {isa = PBXBuildFile; fileRef = 80F9AFD824BEC0FD00CF462C /* SceneDelegate.swift */; };
		80F9AFDB24BEC0FD00CF462C /* PasswordViewController.swift in Sources */ = {isa = PBXBuildFile; fileRef = 80F9AFDA24BEC0FD00CF462C /* PasswordViewController.swift */; };
		80F9AFDE24BEC0FD00CF462C /* Main.storyboard in Resources */ = {isa = PBXBuildFile; fileRef = 80F9AFDC24BEC0FD00CF462C /* Main.storyboard */; };
		80F9AFE024BEC10000CF462C /* Assets.xcassets in Resources */ = {isa = PBXBuildFile; fileRef = 80F9AFDF24BEC10000CF462C /* Assets.xcassets */; };
		80F9AFE324BEC10000CF462C /* LaunchScreen.storyboard in Resources */ = {isa = PBXBuildFile; fileRef = 80F9AFE124BEC10000CF462C /* LaunchScreen.storyboard */; };
		80F9AFEB24BEC7F100CF462C /* MenuViewController.swift in Sources */ = {isa = PBXBuildFile; fileRef = 80F9AFEA24BEC7F100CF462C /* MenuViewController.swift */; };
		80F9AFF024BEC8BD00CF462C /* DepositViewController.swift in Sources */ = {isa = PBXBuildFile; fileRef = 80F9AFEF24BEC8BD00CF462C /* DepositViewController.swift */; };
		80F9AFF224BEC8D800CF462C /* WithdrawViewController.swift in Sources */ = {isa = PBXBuildFile; fileRef = 80F9AFF124BEC8D800CF462C /* WithdrawViewController.swift */; };
		80F9AFF424BEC8EE00CF462C /* BalanceViewController.swift in Sources */ = {isa = PBXBuildFile; fileRef = 80F9AFF324BEC8EE00CF462C /* BalanceViewController.swift */; };
		80F9AFF724BECF2400CF462C /* Password.swift in Sources */ = {isa = PBXBuildFile; fileRef = 80F9AFF624BECF2400CF462C /* Password.swift */; };
		80F9AFF924BEE15B00CF462C /* Account.swift in Sources */ = {isa = PBXBuildFile; fileRef = 80F9AFF824BEE15B00CF462C /* Account.swift */; };
/* End PBXBuildFile section */

/* Begin PBXFileReference section */
		801A19AB24BFEBFB003014A2 /* StatusMessage.swift */ = {isa = PBXFileReference; lastKnownFileType = sourcecode.swift; path = StatusMessage.swift; sourceTree = "<group>"; };
		801A19AD24C00DDD003014A2 /* Formatter.swift */ = {isa = PBXFileReference; lastKnownFileType = sourcecode.swift; path = Formatter.swift; sourceTree = "<group>"; };
		801A19AF24C01534003014A2 /* HistoryDB.swift */ = {isa = PBXFileReference; lastKnownFileType = sourcecode.swift; path = HistoryDB.swift; sourceTree = "<group>"; };
		801A19B124C016F4003014A2 /* HistoryTableViewController.swift */ = {isa = PBXFileReference; lastKnownFileType = sourcecode.swift; path = HistoryTableViewController.swift; sourceTree = "<group>"; };
		801A19B424C02CAF003014A2 /* AddHistoryViewController.swift */ = {isa = PBXFileReference; lastKnownFileType = sourcecode.swift; path = AddHistoryViewController.swift; sourceTree = "<group>"; };
		8046802424C0DB9A00FE2934 /* DetailHistoryViewController.swift */ = {isa = PBXFileReference; lastKnownFileType = sourcecode.swift; path = DetailHistoryViewController.swift; sourceTree = "<group>"; };
		8065B0FC24C1C53F001AA5FC /* Types.swift */ = {isa = PBXFileReference; lastKnownFileType = sourcecode.swift; path = Types.swift; sourceTree = "<group>"; };
		80A82D6E24C0EF1300490D85 /* History.swift */ = {isa = PBXFileReference; lastKnownFileType = sourcecode.swift; path = History.swift; sourceTree = "<group>"; };
		80F9AFD324BEC0FD00CF462C /* iOS-ATM.app */ = {isa = PBXFileReference; explicitFileType = wrapper.application; includeInIndex = 0; path = "iOS-ATM.app"; sourceTree = BUILT_PRODUCTS_DIR; };
		80F9AFD624BEC0FD00CF462C /* AppDelegate.swift */ = {isa = PBXFileReference; lastKnownFileType = sourcecode.swift; path = AppDelegate.swift; sourceTree = "<group>"; };
		80F9AFD824BEC0FD00CF462C /* SceneDelegate.swift */ = {isa = PBXFileReference; lastKnownFileType = sourcecode.swift; path = SceneDelegate.swift; sourceTree = "<group>"; };
		80F9AFDA24BEC0FD00CF462C /* PasswordViewController.swift */ = {isa = PBXFileReference; lastKnownFileType = sourcecode.swift; path = PasswordViewController.swift; sourceTree = "<group>"; };
		80F9AFDD24BEC0FD00CF462C /* Base */ = {isa = PBXFileReference; lastKnownFileType = file.storyboard; name = Base; path = Base.lproj/Main.storyboard; sourceTree = "<group>"; };
		80F9AFDF24BEC10000CF462C /* Assets.xcassets */ = {isa = PBXFileReference; lastKnownFileType = folder.assetcatalog; path = Assets.xcassets; sourceTree = "<group>"; };
		80F9AFE224BEC10000CF462C /* Base */ = {isa = PBXFileReference; lastKnownFileType = file.storyboard; name = Base; path = Base.lproj/LaunchScreen.storyboard; sourceTree = "<group>"; };
		80F9AFE424BEC10000CF462C /* Info.plist */ = {isa = PBXFileReference; lastKnownFileType = text.plist.xml; path = Info.plist; sourceTree = "<group>"; };
		80F9AFEA24BEC7F100CF462C /* MenuViewController.swift */ = {isa = PBXFileReference; lastKnownFileType = sourcecode.swift; path = MenuViewController.swift; sourceTree = "<group>"; };
		80F9AFEF24BEC8BD00CF462C /* DepositViewController.swift */ = {isa = PBXFileReference; lastKnownFileType = sourcecode.swift; path = DepositViewController.swift; sourceTree = "<group>"; };
		80F9AFF124BEC8D800CF462C /* WithdrawViewController.swift */ = {isa = PBXFileReference; lastKnownFileType = sourcecode.swift; path = WithdrawViewController.swift; sourceTree = "<group>"; };
		80F9AFF324BEC8EE00CF462C /* BalanceViewController.swift */ = {isa = PBXFileReference; lastKnownFileType = sourcecode.swift; path = BalanceViewController.swift; sourceTree = "<group>"; };
		80F9AFF624BECF2400CF462C /* Password.swift */ = {isa = PBXFileReference; lastKnownFileType = sourcecode.swift; path = Password.swift; sourceTree = "<group>"; };
		80F9AFF824BEE15B00CF462C /* Account.swift */ = {isa = PBXFileReference; lastKnownFileType = sourcecode.swift; path = Account.swift; sourceTree = "<group>"; };
/* End PBXFileReference section */

/* Begin PBXFrameworksBuildPhase section */
		80F9AFD024BEC0FD00CF462C /* Frameworks */ = {
			isa = PBXFrameworksBuildPhase;
			buildActionMask = 2147483647;
			files = (
			);
			runOnlyForDeploymentPostprocessing = 0;
		};
/* End PBXFrameworksBuildPhase section */

/* Begin PBXGroup section */
		801A19B324C02C7C003014A2 /* History */ = {
			isa = PBXGroup;
			children = (
				801A19B424C02CAF003014A2 /* AddHistoryViewController.swift */,
				8046802424C0DB9A00FE2934 /* DetailHistoryViewController.swift */,
			);
			path = History;
			sourceTree = "<group>";
		};
		80F9AFCA24BEC0FD00CF462C = {
			isa = PBXGroup;
			children = (
				80F9AFD524BEC0FD00CF462C /* iOS-ATM */,
				80F9AFD424BEC0FD00CF462C /* Products */,
			);
			sourceTree = "<group>";
		};
		80F9AFD424BEC0FD00CF462C /* Products */ = {
			isa = PBXGroup;
			children = (
				80F9AFD324BEC0FD00CF462C /* iOS-ATM.app */,
			);
			name = Products;
			sourceTree = "<group>";
		};
		80F9AFD524BEC0FD00CF462C /* iOS-ATM */ = {
			isa = PBXGroup;
			children = (
				80F9AFF524BEC90F00CF462C /* Models */,
				80F9AFEC24BEC80600CF462C /* ViewControllers */,
				80F9AFD624BEC0FD00CF462C /* AppDelegate.swift */,
				80F9AFD824BEC0FD00CF462C /* SceneDelegate.swift */,
				80F9AFDC24BEC0FD00CF462C /* Main.storyboard */,
				80F9AFDF24BEC10000CF462C /* Assets.xcassets */,
				80F9AFE124BEC10000CF462C /* LaunchScreen.storyboard */,
				80F9AFE424BEC10000CF462C /* Info.plist */,
			);
			path = "iOS-ATM";
			sourceTree = "<group>";
		};
		80F9AFEC24BEC80600CF462C /* ViewControllers */ = {
			isa = PBXGroup;
			children = (
				80F9AFDA24BEC0FD00CF462C /* PasswordViewController.swift */,
				80F9AFED24BEC81A00CF462C /* Menu */,
			);
			path = ViewControllers;
			sourceTree = "<group>";
		};
		80F9AFED24BEC81A00CF462C /* Menu */ = {
			isa = PBXGroup;
			children = (
				80F9AFEA24BEC7F100CF462C /* MenuViewController.swift */,
				80F9AFEE24BEC87900CF462C /* Operations */,
			);
			path = Menu;
			sourceTree = "<group>";
		};
		80F9AFEE24BEC87900CF462C /* Operations */ = {
			isa = PBXGroup;
			children = (
				80F9AFEF24BEC8BD00CF462C /* DepositViewController.swift */,
				80F9AFF124BEC8D800CF462C /* WithdrawViewController.swift */,
				80F9AFF324BEC8EE00CF462C /* BalanceViewController.swift */,
				801A19B124C016F4003014A2 /* HistoryTableViewController.swift */,
				801A19B324C02C7C003014A2 /* History */,
			);
			path = Operations;
			sourceTree = "<group>";
		};
		80F9AFF524BEC90F00CF462C /* Models */ = {
			isa = PBXGroup;
			children = (
				80F9AFF624BECF2400CF462C /* Password.swift */,
				80F9AFF824BEE15B00CF462C /* Account.swift */,
				801A19AB24BFEBFB003014A2 /* StatusMessage.swift */,
				801A19AD24C00DDD003014A2 /* Formatter.swift */,
				801A19AF24C01534003014A2 /* HistoryDB.swift */,
				80A82D6E24C0EF1300490D85 /* History.swift */,
				8065B0FC24C1C53F001AA5FC /* Types.swift */,
			);
			path = Models;
			sourceTree = "<group>";
		};
/* End PBXGroup section */

/* Begin PBXNativeTarget section */
		80F9AFD224BEC0FD00CF462C /* iOS-ATM */ = {
			isa = PBXNativeTarget;
			buildConfigurationList = 80F9AFE724BEC10000CF462C /* Build configuration list for PBXNativeTarget "iOS-ATM" */;
			buildPhases = (
				80F9AFCF24BEC0FD00CF462C /* Sources */,
				80F9AFD024BEC0FD00CF462C /* Frameworks */,
				80F9AFD124BEC0FD00CF462C /* Resources */,
			);
			buildRules = (
			);
			dependencies = (
			);
			name = "iOS-ATM";
			productName = "iOS-ATM";
			productReference = 80F9AFD324BEC0FD00CF462C /* iOS-ATM.app */;
			productType = "com.apple.product-type.application";
		};
/* End PBXNativeTarget section */

/* Begin PBXProject section */
		80F9AFCB24BEC0FD00CF462C /* Project object */ = {
			isa = PBXProject;
			attributes = {
				LastSwiftUpdateCheck = 1150;
				LastUpgradeCheck = 1150;
				ORGANIZATIONNAME = "Saravia, Kevin";
				TargetAttributes = {
					80F9AFD224BEC0FD00CF462C = {
						CreatedOnToolsVersion = 11.5;
					};
				};
			};
			buildConfigurationList = 80F9AFCE24BEC0FD00CF462C /* Build configuration list for PBXProject "iOS-ATM" */;
			compatibilityVersion = "Xcode 9.3";
			developmentRegion = en;
			hasScannedForEncodings = 0;
			knownRegions = (
				en,
				Base,
			);
			mainGroup = 80F9AFCA24BEC0FD00CF462C;
			productRefGroup = 80F9AFD424BEC0FD00CF462C /* Products */;
			projectDirPath = "";
			projectRoot = "";
			targets = (
				80F9AFD224BEC0FD00CF462C /* iOS-ATM */,
			);
		};
/* End PBXProject section */

/* Begin PBXResourcesBuildPhase section */
		80F9AFD124BEC0FD00CF462C /* Resources */ = {
			isa = PBXResourcesBuildPhase;
			buildActionMask = 2147483647;
			files = (
				80F9AFE324BEC10000CF462C /* LaunchScreen.storyboard in Resources */,
				80F9AFE024BEC10000CF462C /* Assets.xcassets in Resources */,
				80F9AFDE24BEC0FD00CF462C /* Main.storyboard in Resources */,
			);
			runOnlyForDeploymentPostprocessing = 0;
		};
/* End PBXResourcesBuildPhase section */

/* Begin PBXSourcesBuildPhase section */
		80F9AFCF24BEC0FD00CF462C /* Sources */ = {
			isa = PBXSourcesBuildPhase;
			buildActionMask = 2147483647;
			files = (
				801A19AE24C00DDD003014A2 /* Formatter.swift in Sources */,
				80F9AFDB24BEC0FD00CF462C /* PasswordViewController.swift in Sources */,
				8046802524C0DB9A00FE2934 /* DetailHistoryViewController.swift in Sources */,
				8065B0FD24C1C53F001AA5FC /* Types.swift in Sources */,
				80F9AFD724BEC0FD00CF462C /* AppDelegate.swift in Sources */,
				80F9AFD924BEC0FD00CF462C /* SceneDelegate.swift in Sources */,
				80F9AFEB24BEC7F100CF462C /* MenuViewController.swift in Sources */,
				801A19B524C02CAF003014A2 /* AddHistoryViewController.swift in Sources */,
				80F9AFF724BECF2400CF462C /* Password.swift in Sources */,
				801A19B024C01534003014A2 /* HistoryDB.swift in Sources */,
				80F9AFF924BEE15B00CF462C /* Account.swift in Sources */,
				80A82D6F24C0EF1300490D85 /* History.swift in Sources */,
				80F9AFF224BEC8D800CF462C /* WithdrawViewController.swift in Sources */,
				801A19AC24BFEBFB003014A2 /* StatusMessage.swift in Sources */,
				80F9AFF424BEC8EE00CF462C /* BalanceViewController.swift in Sources */,
				80F9AFF024BEC8BD00CF462C /* DepositViewController.swift in Sources */,
				801A19B224C016F4003014A2 /* HistoryTableViewController.swift in Sources */,
			);
			runOnlyForDeploymentPostprocessing = 0;
		};
/* End PBXSourcesBuildPhase section */

/* Begin PBXVariantGroup section */
		80F9AFDC24BEC0FD00CF462C /* Main.storyboard */ = {
			isa = PBXVariantGroup;
			children = (
				80F9AFDD24BEC0FD00CF462C /* Base */,
			);
			name = Main.storyboard;
			sourceTree = "<group>";
		};
		80F9AFE124BEC10000CF462C /* LaunchScreen.storyboard */ = {
			isa = PBXVariantGroup;
			children = (
				80F9AFE224BEC10000CF462C /* Base */,
			);
			name = LaunchScreen.storyboard;
			sourceTree = "<group>";
		};
/* End PBXVariantGroup section */

/* Begin XCBuildConfiguration section */
		80F9AFE524BEC10000CF462C /* Debug */ = {
			isa = XCBuildConfiguration;
			buildSettings = {
				ALWAYS_SEARCH_USER_PATHS = NO;
				CLANG_ANALYZER_NONNULL = YES;
				CLANG_ANALYZER_NUMBER_OBJECT_CONVERSION = YES_AGGRESSIVE;
				CLANG_CXX_LANGUAGE_STANDARD = "gnu++14";
				CLANG_CXX_LIBRARY = "libc++";
				CLANG_ENABLE_MODULES = YES;
				CLANG_ENABLE_OBJC_ARC = YES;
				CLANG_ENABLE_OBJC_WEAK = YES;
				CLANG_WARN_BLOCK_CAPTURE_AUTORELEASING = YES;
				CLANG_WARN_BOOL_CONVERSION = YES;
				CLANG_WARN_COMMA = YES;
				CLANG_WARN_CONSTANT_CONVERSION = YES;
				CLANG_WARN_DEPRECATED_OBJC_IMPLEMENTATIONS = YES;
				CLANG_WARN_DIRECT_OBJC_ISA_USAGE = YES_ERROR;
				CLANG_WARN_DOCUMENTATION_COMMENTS = YES;
				CLANG_WARN_EMPTY_BODY = YES;
				CLANG_WARN_ENUM_CONVERSION = YES;
				CLANG_WARN_INFINITE_RECURSION = YES;
				CLANG_WARN_INT_CONVERSION = YES;
				CLANG_WARN_NON_LITERAL_NULL_CONVERSION = YES;
				CLANG_WARN_OBJC_IMPLICIT_RETAIN_SELF = YES;
				CLANG_WARN_OBJC_LITERAL_CONVERSION = YES;
				CLANG_WARN_OBJC_ROOT_CLASS = YES_ERROR;
				CLANG_WARN_RANGE_LOOP_ANALYSIS = YES;
				CLANG_WARN_STRICT_PROTOTYPES = YES;
				CLANG_WARN_SUSPICIOUS_MOVE = YES;
				CLANG_WARN_UNGUARDED_AVAILABILITY = YES_AGGRESSIVE;
				CLANG_WARN_UNREACHABLE_CODE = YES;
				CLANG_WARN__DUPLICATE_METHOD_MATCH = YES;
				COPY_PHASE_STRIP = NO;
				DEBUG_INFORMATION_FORMAT = dwarf;
				ENABLE_STRICT_OBJC_MSGSEND = YES;
				ENABLE_TESTABILITY = YES;
				GCC_C_LANGUAGE_STANDARD = gnu11;
				GCC_DYNAMIC_NO_PIC = NO;
				GCC_NO_COMMON_BLOCKS = YES;
				GCC_OPTIMIZATION_LEVEL = 0;
				GCC_PREPROCESSOR_DEFINITIONS = (
					"DEBUG=1",
					"$(inherited)",
				);
				GCC_WARN_64_TO_32_BIT_CONVERSION = YES;
				GCC_WARN_ABOUT_RETURN_TYPE = YES_ERROR;
				GCC_WARN_UNDECLARED_SELECTOR = YES;
				GCC_WARN_UNINITIALIZED_AUTOS = YES_AGGRESSIVE;
				GCC_WARN_UNUSED_FUNCTION = YES;
				GCC_WARN_UNUSED_VARIABLE = YES;
				IPHONEOS_DEPLOYMENT_TARGET = 13.5;
				MTL_ENABLE_DEBUG_INFO = INCLUDE_SOURCE;
				MTL_FAST_MATH = YES;
				ONLY_ACTIVE_ARCH = YES;
				SDKROOT = iphoneos;
				SWIFT_ACTIVE_COMPILATION_CONDITIONS = DEBUG;
				SWIFT_OPTIMIZATION_LEVEL = "-Onone";
			};
			name = Debug;
		};
		80F9AFE624BEC10000CF462C /* Release */ = {
			isa = XCBuildConfiguration;
			buildSettings = {
				ALWAYS_SEARCH_USER_PATHS = NO;
				CLANG_ANALYZER_NONNULL = YES;
				CLANG_ANALYZER_NUMBER_OBJECT_CONVERSION = YES_AGGRESSIVE;
				CLANG_CXX_LANGUAGE_STANDARD = "gnu++14";
				CLANG_CXX_LIBRARY = "libc++";
				CLANG_ENABLE_MODULES = YES;
				CLANG_ENABLE_OBJC_ARC = YES;
				CLANG_ENABLE_OBJC_WEAK = YES;
				CLANG_WARN_BLOCK_CAPTURE_AUTORELEASING = YES;
				CLANG_WARN_BOOL_CONVERSION = YES;
				CLANG_WARN_COMMA = YES;
				CLANG_WARN_CONSTANT_CONVERSION = YES;
				CLANG_WARN_DEPRECATED_OBJC_IMPLEMENTATIONS = YES;
				CLANG_WARN_DIRECT_OBJC_ISA_USAGE = YES_ERROR;
				CLANG_WARN_DOCUMENTATION_COMMENTS = YES;
				CLANG_WARN_EMPTY_BODY = YES;
				CLANG_WARN_ENUM_CONVERSION = YES;
				CLANG_WARN_INFINITE_RECURSION = YES;
				CLANG_WARN_INT_CONVERSION = YES;
				CLANG_WARN_NON_LITERAL_NULL_CONVERSION = YES;
				CLANG_WARN_OBJC_IMPLICIT_RETAIN_SELF = YES;
				CLANG_WARN_OBJC_LITERAL_CONVERSION = YES;
				CLANG_WARN_OBJC_ROOT_CLASS = YES_ERROR;
				CLANG_WARN_RANGE_LOOP_ANALYSIS = YES;
				CLANG_WARN_STRICT_PROTOTYPES = YES;
				CLANG_WARN_SUSPICIOUS_MOVE = YES;
				CLANG_WARN_UNGUARDED_AVAILABILITY = YES_AGGRESSIVE;
				CLANG_WARN_UNREACHABLE_CODE = YES;
				CLANG_WARN__DUPLICATE_METHOD_MATCH = YES;
				COPY_PHASE_STRIP = NO;
				DEBUG_INFORMATION_FORMAT = "dwarf-with-dsym";
				ENABLE_NS_ASSERTIONS = NO;
				ENABLE_STRICT_OBJC_MSGSEND = YES;
				GCC_C_LANGUAGE_STANDARD = gnu11;
				GCC_NO_COMMON_BLOCKS = YES;
				GCC_WARN_64_TO_32_BIT_CONVERSION = YES;
				GCC_WARN_ABOUT_RETURN_TYPE = YES_ERROR;
				GCC_WARN_UNDECLARED_SELECTOR = YES;
				GCC_WARN_UNINITIALIZED_AUTOS = YES_AGGRESSIVE;
				GCC_WARN_UNUSED_FUNCTION = YES;
				GCC_WARN_UNUSED_VARIABLE = YES;
				IPHONEOS_DEPLOYMENT_TARGET = 13.5;
				MTL_ENABLE_DEBUG_INFO = NO;
				MTL_FAST_MATH = YES;
				SDKROOT = iphoneos;
				SWIFT_COMPILATION_MODE = wholemodule;
				SWIFT_OPTIMIZATION_LEVEL = "-O";
				VALIDATE_PRODUCT = YES;
			};
			name = Release;
		};
		80F9AFE824BEC10000CF462C /* Debug */ = {
			isa = XCBuildConfiguration;
			buildSettings = {
				ASSETCATALOG_COMPILER_APPICON_NAME = AppIcon;
				CODE_SIGN_STYLE = Automatic;
				DEVELOPMENT_TEAM = GW35G8YAPL;
				INFOPLIST_FILE = "iOS-ATM/Info.plist";
				LD_RUNPATH_SEARCH_PATHS = (
					"$(inherited)",
					"@executable_path/Frameworks",
				);
				PRODUCT_BUNDLE_IDENTIFIER = "edu.uhcl.cse.iOS-ATM";
				PRODUCT_NAME = "$(TARGET_NAME)";
				SWIFT_VERSION = 5.0;
				TARGETED_DEVICE_FAMILY = "1,2";
			};
			name = Debug;
		};
		80F9AFE924BEC10000CF462C /* Release */ = {
			isa = XCBuildConfiguration;
			buildSettings = {
				ASSETCATALOG_COMPILER_APPICON_NAME = AppIcon;
				CODE_SIGN_STYLE = Automatic;
				DEVELOPMENT_TEAM = GW35G8YAPL;
				INFOPLIST_FILE = "iOS-ATM/Info.plist";
				LD_RUNPATH_SEARCH_PATHS = (
					"$(inherited)",
					"@executable_path/Frameworks",
				);
				PRODUCT_BUNDLE_IDENTIFIER = "edu.uhcl.cse.iOS-ATM";
				PRODUCT_NAME = "$(TARGET_NAME)";
				SWIFT_VERSION = 5.0;
				TARGETED_DEVICE_FAMILY = "1,2";
			};
			name = Release;
		};
/* End XCBuildConfiguration section */

/* Begin XCConfigurationList section */
		80F9AFCE24BEC0FD00CF462C /* Build configuration list for PBXProject "iOS-ATM" */ = {
			isa = XCConfigurationList;
			buildConfigurations = (
				80F9AFE524BEC10000CF462C /* Debug */,
				80F9AFE624BEC10000CF462C /* Release */,
			);
			defaultConfigurationIsVisible = 0;
			defaultConfigurationName = Release;
		};
		80F9AFE724BEC10000CF462C /* Build configuration list for PBXNativeTarget "iOS-ATM" */ = {
			isa = XCConfigurationList;
			buildConfigurations = (
				80F9AFE824BEC10000CF462C /* Debug */,
				80F9AFE924BEC10000CF462C /* Release */,
			);
			defaultConfigurationIsVisible = 0;
			defaultConfigurationName = Release;
		};
/* End XCConfigurationList section */
	};
	rootObject = 80F9AFCB24BEC0FD00CF462C /* Project object */;
}
